{
  "version": 4,
  "terraform_version": "0.12.29",
  "serial": 1,
  "lineage": "4aba7528-7b99-d2f8-cb06-ed36d47212d5",
  "outputs": {},
  "resources": [
    {
      "mode": "managed",
      "type": "ibm_container_bind_service",
      "name": "bind_discovery",
      "provider": "provider.ibm",
      "instances": [
        {
          "schema_version": 0,
          "attributes": {
            "account_guid": null,
            "cluster_name_id": "mycluster-free",
            "id": "mycluster-free/Discovery-18Jun/default",
            "key": null,
            "namespace_id": "default",
            "org_guid": null,
            "region": null,
            "resource_group_id": null,
            "role": null,
            "secret_name": null,
            "service_instance_id": "6d10f291-faef-4d10-b7a0-25084745d2bd",
            "service_instance_name": "Discovery-18Jun",
            "service_instance_name_id": null,
            "service_instance_space_guid": null,
            "space_guid": null,
            "tags": null
          },
          "private": "bnVsbA=="
        }
      ]
    }
  ]
}
